
Microsoft Visual Studio Solution File, Format Version 12.00
# Visual Studio Version 17
VisualStudioVersion = 17.11.35222.181
MinimumVisualStudioVersion = 10.0.40219.1
Project("{8BC9CEB8-8B4A-11D0-8D11-00A0C91BC942}") = "Estructuras de Control", "Estructuras de Control\Estructuras de Control.vcxproj", "{0F9872B9-12BB-494D-B317-FBEF12BCB209}"
EndProject
Global
	GlobalSection(SolutionConfigurationPlatforms) = preSolution
		Debug|x64 = Debug|x64
		Debug|x86 = Debug|x86
		Release|x64 = Release|x64
		Release|x86 = Release|x86
	EndGlobalSection
	GlobalSection(ProjectConfigurationPlatforms) = postSolution
		{0F9872B9-12BB-494D-B317-FBEF12BCB209}.Debug|x64.ActiveCfg = Debug|x64
		{0F9872B9-12BB-494D-B317-FBEF12BCB209}.Debug|x64.Build.0 = Debug|x64
		{0F9872B9-12BB-494D-B317-FBEF12BCB209}.Debug|x86.ActiveCfg = Debug|Win32
		{0F9872B9-12BB-494D-B317-FBEF12BCB209}.Debug|x86.Build.0 = Debug|Win32
		{0F9872B9-12BB-494D-B317-FBEF12BCB209}.Release|x64.ActiveCfg = Release|x64
		{0F9872B9-12BB-494D-B317-FBEF12BCB209}.Release|x64.Build.0 = Release|x64
		{0F9872B9-12BB-494D-B317-FBEF12BCB209}.Release|x86.ActiveCfg = Release|Win32
		{0F9872B9-12BB-494D-B317-FBEF12BCB209}.Release|x86.Build.0 = Release|Win32
	EndGlobalSection
	GlobalSection(SolutionProperties) = preSolution
		HideSolutionNode = FALSE
	EndGlobalSection
	GlobalSection(ExtensibilityGlobals) = postSolution
		SolutionGuid = {F67AA059-8D43-4018-9637-403A482764A9}
	EndGlobalSection
EndGlobal
