
Microsoft Visual Studio Solution File, Format Version 12.00
# Visual Studio Version 17
VisualStudioVersion = 17.11.35312.102
MinimumVisualStudioVersion = 10.0.40219.1
Project("{8BC9CEB8-8B4A-11D0-8D11-00A0C91BC942}") = "Estructuras estáticas", "Estructuras estáticas\Estructuras estáticas.vcxproj", "{4FADC45D-39EB-4D4A-AD07-4C8ADF0A929F}"
EndProject
Global
	GlobalSection(SolutionConfigurationPlatforms) = preSolution
		Debug|x64 = Debug|x64
		Debug|x86 = Debug|x86
		Release|x64 = Release|x64
		Release|x86 = Release|x86
	EndGlobalSection
	GlobalSection(ProjectConfigurationPlatforms) = postSolution
		{4FADC45D-39EB-4D4A-AD07-4C8ADF0A929F}.Debug|x64.ActiveCfg = Debug|x64
		{4FADC45D-39EB-4D4A-AD07-4C8ADF0A929F}.Debug|x64.Build.0 = Debug|x64
		{4FADC45D-39EB-4D4A-AD07-4C8ADF0A929F}.Debug|x86.ActiveCfg = Debug|Win32
		{4FADC45D-39EB-4D4A-AD07-4C8ADF0A929F}.Debug|x86.Build.0 = Debug|Win32
		{4FADC45D-39EB-4D4A-AD07-4C8ADF0A929F}.Release|x64.ActiveCfg = Release|x64
		{4FADC45D-39EB-4D4A-AD07-4C8ADF0A929F}.Release|x64.Build.0 = Release|x64
		{4FADC45D-39EB-4D4A-AD07-4C8ADF0A929F}.Release|x86.ActiveCfg = Release|Win32
		{4FADC45D-39EB-4D4A-AD07-4C8ADF0A929F}.Release|x86.Build.0 = Release|Win32
	EndGlobalSection
	GlobalSection(SolutionProperties) = preSolution
		HideSolutionNode = FALSE
	EndGlobalSection
	GlobalSection(ExtensibilityGlobals) = postSolution
		SolutionGuid = {5C0EF4A0-1507-4B80-833D-F76A5FEFF0EA}
	EndGlobalSection
EndGlobal
